
Microsoft Visual Studio Solution File, Format Version 12.00
# Visual Studio Version 17
VisualStudioVersion = 17.5.33530.505
MinimumVisualStudioVersion = 10.0.40219.1
Project("{FAE04EC0-301F-11D3-BF4B-00C04F79EFBC}") = "TestProject", "TestProject\TestProject.csproj", "{48EB38EF-0D97-4242-885B-8C7297987006}"
EndProject
Global
	GlobalSection(SolutionConfigurationPlatforms) = preSolution
		Debug|Any CPU = Debug|Any CPU
		Release|Any CPU = Release|Any CPU
	EndGlobalSection
	GlobalSection(ProjectConfigurationPlatforms) = postSolution
		{48EB38EF-0D97-4242-885B-8C7297987006}.Debug|Any CPU.ActiveCfg = Debug|Any CPU
		{48EB38EF-0D97-4242-885B-8C7297987006}.Debug|Any CPU.Build.0 = Debug|Any CPU
		{48EB38EF-0D97-4242-885B-8C7297987006}.Release|Any CPU.ActiveCfg = Release|Any CPU
		{48EB38EF-0D97-4242-885B-8C7297987006}.Release|Any CPU.Build.0 = Release|Any CPU
	EndGlobalSection
	GlobalSection(SolutionProperties) = preSolution
		HideSolutionNode = FALSE
	EndGlobalSection
	GlobalSection(ExtensibilityGlobals) = postSolution
		SolutionGuid = {1485D3FE-026A-46A5-AFC8-7AD9A5431065}
	EndGlobalSection
EndGlobal
